
Microsoft Visual Studio Solution File, Format Version 12.00
# Visual Studio Version 17
VisualStudioVersion = 17.6.33815.320
MinimumVisualStudioVersion = 10.0.40219.1
Project("{FAE04EC0-301F-11D3-BF4B-00C04F79EFBC}") = "ConAppLoops", "ConAppLoops\ConAppLoops.csproj", "{9C335A5A-9DCD-4FA3-BBB2-7A3B77EB7FAB}"
EndProject
Global
	GlobalSection(SolutionConfigurationPlatforms) = preSolution
		Debug|Any CPU = Debug|Any CPU
		Release|Any CPU = Release|Any CPU
	EndGlobalSection
	GlobalSection(ProjectConfigurationPlatforms) = postSolution
		{9C335A5A-9DCD-4FA3-BBB2-7A3B77EB7FAB}.Debug|Any CPU.ActiveCfg = Debug|Any CPU
		{9C335A5A-9DCD-4FA3-BBB2-7A3B77EB7FAB}.Debug|Any CPU.Build.0 = Debug|Any CPU
		{9C335A5A-9DCD-4FA3-BBB2-7A3B77EB7FAB}.Release|Any CPU.ActiveCfg = Release|Any CPU
		{9C335A5A-9DCD-4FA3-BBB2-7A3B77EB7FAB}.Release|Any CPU.Build.0 = Release|Any CPU
	EndGlobalSection
	GlobalSection(SolutionProperties) = preSolution
		HideSolutionNode = FALSE
	EndGlobalSection
	GlobalSection(ExtensibilityGlobals) = postSolution
		SolutionGuid = {C2493700-9CBE-4723-9AB0-D7FA84087720}
	EndGlobalSection
EndGlobal
